
Microsoft Visual Studio Solution File, Format Version 12.00
# Visual Studio 15
VisualStudioVersion = 15.0.28010.2036
MinimumVisualStudioVersion = 10.0.40219.1
Project("{E24C65DC-7377-472B-9ABA-BC803B73C61A}") = "BDS_Project", "BDS_Project\", "{96C9140B-AD36-4B7D-9CB4-C9B743B9D520}"
	ProjectSection(WebsiteProperties) = preProject
		TargetFrameworkMoniker = ".NETFramework,Version%3Dv4.6.1"
		Debug.AspNetCompiler.VirtualPath = "/localhost_15158"
		Debug.AspNetCompiler.PhysicalPath = "BDS_Project\"
		Debug.AspNetCompiler.TargetPath = "PrecompiledWeb\localhost_15158\"
		Debug.AspNetCompiler.Updateable = "true"
		Debug.AspNetCompiler.ForceOverwrite = "true"
		Debug.AspNetCompiler.FixedNames = "false"
		Debug.AspNetCompiler.Debug = "True"
		Release.AspNetCompiler.VirtualPath = "/localhost_15158"
		Release.AspNetCompiler.PhysicalPath = "BDS_Project\"
		Release.AspNetCompiler.TargetPath = "PrecompiledWeb\localhost_15158\"
		Release.AspNetCompiler.Updateable = "true"
		Release.AspNetCompiler.ForceOverwrite = "true"
		Release.AspNetCompiler.FixedNames = "false"
		Release.AspNetCompiler.Debug = "False"
		VWDPort = "15158"
		SlnRelativePath = "BDS_Project\"
		DefaultWebSiteLanguage = "Visual C#"
	EndProjectSection
EndProject
Global
	GlobalSection(SolutionConfigurationPlatforms) = preSolution
		Debug|Any CPU = Debug|Any CPU
	EndGlobalSection
	GlobalSection(ProjectConfigurationPlatforms) = postSolution
		{96C9140B-AD36-4B7D-9CB4-C9B743B9D520}.Debug|Any CPU.ActiveCfg = Debug|Any CPU
		{96C9140B-AD36-4B7D-9CB4-C9B743B9D520}.Debug|Any CPU.Build.0 = Debug|Any CPU
	EndGlobalSection
	GlobalSection(SolutionProperties) = preSolution
		HideSolutionNode = FALSE
	EndGlobalSection
	GlobalSection(ExtensibilityGlobals) = postSolution
		SolutionGuid = {0138E84F-B4A2-45F1-8BD9-DAB12AD75D74}
	EndGlobalSection
EndGlobal
